
Microsoft Visual Studio Solution File, Format Version 12.00
# Visual Studio 15
VisualStudioVersion = 15.0.26124.0
MinimumVisualStudioVersion = 15.0.26124.0
Project("{2150E333-8FDC-42A3-9474-1A3956D46DE8}") = "src", "src", "{58FEBED0-9A60-44F0-8E13-F57550A0E8EE}"
EndProject
Project("{FAE04EC0-301F-11D3-BF4B-00C04F79EFBC}") = "FizzBuzz", "src\FizzBuzz\FizzBuzz.csproj", "{23806ADF-6831-4CB9-BFAA-928E8F9459D2}"
EndProject
Project("{2150E333-8FDC-42A3-9474-1A3956D46DE8}") = "test", "test", "{ACB84D46-7C68-44FF-9B5D-1E24421E591B}"
EndProject
Project("{FAE04EC0-301F-11D3-BF4B-00C04F79EFBC}") = "FizzBuzz.Tests", "test\FizzBuzz.Tests\FizzBuzz.Tests.csproj", "{660F7789-DCA7-4DD1-BEE9-F063B4E36A60}"
EndProject
Global
	GlobalSection(SolutionConfigurationPlatforms) = preSolution
		Debug|Any CPU = Debug|Any CPU
		Debug|x64 = Debug|x64
		Debug|x86 = Debug|x86
		Release|Any CPU = Release|Any CPU
		Release|x64 = Release|x64
		Release|x86 = Release|x86
	EndGlobalSection
	GlobalSection(SolutionProperties) = preSolution
		HideSolutionNode = FALSE
	EndGlobalSection
	GlobalSection(ProjectConfigurationPlatforms) = postSolution
		{23806ADF-6831-4CB9-BFAA-928E8F9459D2}.Debug|Any CPU.ActiveCfg = Debug|Any CPU
		{23806ADF-6831-4CB9-BFAA-928E8F9459D2}.Debug|Any CPU.Build.0 = Debug|Any CPU
		{23806ADF-6831-4CB9-BFAA-928E8F9459D2}.Debug|x64.ActiveCfg = Debug|Any CPU
		{23806ADF-6831-4CB9-BFAA-928E8F9459D2}.Debug|x64.Build.0 = Debug|Any CPU
		{23806ADF-6831-4CB9-BFAA-928E8F9459D2}.Debug|x86.ActiveCfg = Debug|Any CPU
		{23806ADF-6831-4CB9-BFAA-928E8F9459D2}.Debug|x86.Build.0 = Debug|Any CPU
		{23806ADF-6831-4CB9-BFAA-928E8F9459D2}.Release|Any CPU.ActiveCfg = Release|Any CPU
		{23806ADF-6831-4CB9-BFAA-928E8F9459D2}.Release|Any CPU.Build.0 = Release|Any CPU
		{23806ADF-6831-4CB9-BFAA-928E8F9459D2}.Release|x64.ActiveCfg = Release|Any CPU
		{23806ADF-6831-4CB9-BFAA-928E8F9459D2}.Release|x64.Build.0 = Release|Any CPU
		{23806ADF-6831-4CB9-BFAA-928E8F9459D2}.Release|x86.ActiveCfg = Release|Any CPU
		{23806ADF-6831-4CB9-BFAA-928E8F9459D2}.Release|x86.Build.0 = Release|Any CPU
		{660F7789-DCA7-4DD1-BEE9-F063B4E36A60}.Debug|Any CPU.ActiveCfg = Debug|Any CPU
		{660F7789-DCA7-4DD1-BEE9-F063B4E36A60}.Debug|Any CPU.Build.0 = Debug|Any CPU
		{660F7789-DCA7-4DD1-BEE9-F063B4E36A60}.Debug|x64.ActiveCfg = Debug|Any CPU
		{660F7789-DCA7-4DD1-BEE9-F063B4E36A60}.Debug|x64.Build.0 = Debug|Any CPU
		{660F7789-DCA7-4DD1-BEE9-F063B4E36A60}.Debug|x86.ActiveCfg = Debug|Any CPU
		{660F7789-DCA7-4DD1-BEE9-F063B4E36A60}.Debug|x86.Build.0 = Debug|Any CPU
		{660F7789-DCA7-4DD1-BEE9-F063B4E36A60}.Release|Any CPU.ActiveCfg = Release|Any CPU
		{660F7789-DCA7-4DD1-BEE9-F063B4E36A60}.Release|Any CPU.Build.0 = Release|Any CPU
		{660F7789-DCA7-4DD1-BEE9-F063B4E36A60}.Release|x64.ActiveCfg = Release|Any CPU
		{660F7789-DCA7-4DD1-BEE9-F063B4E36A60}.Release|x64.Build.0 = Release|Any CPU
		{660F7789-DCA7-4DD1-BEE9-F063B4E36A60}.Release|x86.ActiveCfg = Release|Any CPU
		{660F7789-DCA7-4DD1-BEE9-F063B4E36A60}.Release|x86.Build.0 = Release|Any CPU
	EndGlobalSection
	GlobalSection(NestedProjects) = preSolution
		{23806ADF-6831-4CB9-BFAA-928E8F9459D2} = {58FEBED0-9A60-44F0-8E13-F57550A0E8EE}
		{660F7789-DCA7-4DD1-BEE9-F063B4E36A60} = {ACB84D46-7C68-44FF-9B5D-1E24421E591B}
	EndGlobalSection
EndGlobal
